
Microsoft Visual Studio Solution File, Format Version 12.00
# Visual Studio Version 17
VisualStudioVersion = 17.7.34031.279
MinimumVisualStudioVersion = 10.0.40219.1
Project("{FAE04EC0-301F-11D3-BF4B-00C04F79EFBC}") = "Sport Line", "Sport Line\Sport Line.csproj", "{23705820-2D60-4664-ABC4-993A74159A59}"
EndProject
Global
	GlobalSection(SolutionConfigurationPlatforms) = preSolution
		Debug|Any CPU = Debug|Any CPU
		Release|Any CPU = Release|Any CPU
	EndGlobalSection
	GlobalSection(ProjectConfigurationPlatforms) = postSolution
		{23705820-2D60-4664-ABC4-993A74159A59}.Debug|Any CPU.ActiveCfg = Debug|Any CPU
		{23705820-2D60-4664-ABC4-993A74159A59}.Debug|Any CPU.Build.0 = Debug|Any CPU
		{23705820-2D60-4664-ABC4-993A74159A59}.Release|Any CPU.ActiveCfg = Release|Any CPU
		{23705820-2D60-4664-ABC4-993A74159A59}.Release|Any CPU.Build.0 = Release|Any CPU
	EndGlobalSection
	GlobalSection(SolutionProperties) = preSolution
		HideSolutionNode = FALSE
	EndGlobalSection
	GlobalSection(ExtensibilityGlobals) = postSolution
		SolutionGuid = {4A8E7D67-06B3-45C0-9517-1EE0146C4E22}
	EndGlobalSection
EndGlobal
